// !$*UTF8*$!
{
	archiveVersion = 1;
	classes = {
	};
	objectVersion = 46;
	objects = {

/* Begin PBXBuildFile section */
		4059E1911F28AF34007C3CF9 /* AppDelegate.swift in Sources */ = {isa = PBXBuildFile; fileRef = 4059E1901F28AF34007C3CF9 /* AppDelegate.swift */; };
		4059E1931F28AF34007C3CF9 /* ViewController.swift in Sources */ = {isa = PBXBuildFile; fileRef = 4059E1921F28AF34007C3CF9 /* ViewController.swift */; };
		4059E1961F28AF34007C3CF9 /* Main.storyboard in Resources */ = {isa = PBXBuildFile; fileRef = 4059E1941F28AF34007C3CF9 /* Main.storyboard */; };
		4059E1981F28AF34007C3CF9 /* Assets.xcassets in Resources */ = {isa = PBXBuildFile; fileRef = 4059E1971F28AF34007C3CF9 /* Assets.xcassets */; };
		4059E19B1F28AF34007C3CF9 /* LaunchScreen.storyboard in Resources */ = {isa = PBXBuildFile; fileRef = 4059E1991F28AF34007C3CF9 /* LaunchScreen.storyboard */; };
		4059E1A61F28AF34007C3CF9 /* KataLogInLogOutTests.swift in Sources */ = {isa = PBXBuildFile; fileRef = 4059E1A51F28AF34007C3CF9 /* KataLogInLogOutTests.swift */; };
		4059E1B11F28AF34007C3CF9 /* KataLogInLogOutUITests.swift in Sources */ = {isa = PBXBuildFile; fileRef = 4059E1B01F28AF34007C3CF9 /* KataLogInLogOutUITests.swift */; };
/* End PBXBuildFile section */

/* Begin PBXContainerItemProxy section */
		4059E1A21F28AF34007C3CF9 /* PBXContainerItemProxy */ = {
			isa = PBXContainerItemProxy;
			containerPortal = 4059E1851F28AF34007C3CF9 /* Project object */;
			proxyType = 1;
			remoteGlobalIDString = 4059E18C1F28AF34007C3CF9;
			remoteInfo = KataLogInLogOut;
		};
		4059E1AD1F28AF34007C3CF9 /* PBXContainerItemProxy */ = {
			isa = PBXContainerItemProxy;
			containerPortal = 4059E1851F28AF34007C3CF9 /* Project object */;
			proxyType = 1;
			remoteGlobalIDString = 4059E18C1F28AF34007C3CF9;
			remoteInfo = KataLogInLogOut;
		};
/* End PBXContainerItemProxy section */

/* Begin PBXFileReference section */
		4059E18D1F28AF34007C3CF9 /* KataLogInLogOut.app */ = {isa = PBXFileReference; explicitFileType = wrapper.application; includeInIndex = 0; path = KataLogInLogOut.app; sourceTree = BUILT_PRODUCTS_DIR; };
		4059E1901F28AF34007C3CF9 /* AppDelegate.swift */ = {isa = PBXFileReference; lastKnownFileType = sourcecode.swift; path = AppDelegate.swift; sourceTree = "<group>"; };
		4059E1921F28AF34007C3CF9 /* ViewController.swift */ = {isa = PBXFileReference; lastKnownFileType = sourcecode.swift; path = ViewController.swift; sourceTree = "<group>"; };
		4059E1951F28AF34007C3CF9 /* Base */ = {isa = PBXFileReference; lastKnownFileType = file.storyboard; name = Base; path = Base.lproj/Main.storyboard; sourceTree = "<group>"; };
		4059E1971F28AF34007C3CF9 /* Assets.xcassets */ = {isa = PBXFileReference; lastKnownFileType = folder.assetcatalog; path = Assets.xcassets; sourceTree = "<group>"; };
		4059E19A1F28AF34007C3CF9 /* Base */ = {isa = PBXFileReference; lastKnownFileType = file.storyboard; name = Base; path = Base.lproj/LaunchScreen.storyboard; sourceTree = "<group>"; };
		4059E19C1F28AF34007C3CF9 /* Info.plist */ = {isa = PBXFileReference; lastKnownFileType = text.plist.xml; path = Info.plist; sourceTree = "<group>"; };
		4059E1A11F28AF34007C3CF9 /* KataLogInLogOutTests.xctest */ = {isa = PBXFileReference; explicitFileType = wrapper.cfbundle; includeInIndex = 0; path = KataLogInLogOutTests.xctest; sourceTree = BUILT_PRODUCTS_DIR; };
		4059E1A51F28AF34007C3CF9 /* KataLogInLogOutTests.swift */ = {isa = PBXFileReference; lastKnownFileType = sourcecode.swift; path = KataLogInLogOutTests.swift; sourceTree = "<group>"; };
		4059E1A71F28AF34007C3CF9 /* Info.plist */ = {isa = PBXFileReference; lastKnownFileType = text.plist.xml; path = Info.plist; sourceTree = "<group>"; };
		4059E1AC1F28AF34007C3CF9 /* KataLogInLogOutUITests.xctest */ = {isa = PBXFileReference; explicitFileType = wrapper.cfbundle; includeInIndex = 0; path = KataLogInLogOutUITests.xctest; sourceTree = BUILT_PRODUCTS_DIR; };
		4059E1B01F28AF34007C3CF9 /* KataLogInLogOutUITests.swift */ = {isa = PBXFileReference; lastKnownFileType = sourcecode.swift; path = KataLogInLogOutUITests.swift; sourceTree = "<group>"; };
		4059E1B21F28AF34007C3CF9 /* Info.plist */ = {isa = PBXFileReference; lastKnownFileType = text.plist.xml; path = Info.plist; sourceTree = "<group>"; };
/* End PBXFileReference section */

/* Begin PBXFrameworksBuildPhase section */
		4059E18A1F28AF34007C3CF9 /* Frameworks */ = {
			isa = PBXFrameworksBuildPhase;
			buildActionMask = 2147483647;
			files = (
			);
			runOnlyForDeploymentPostprocessing = 0;
		};
		4059E19E1F28AF34007C3CF9 /* Frameworks */ = {
			isa = PBXFrameworksBuildPhase;
			buildActionMask = 2147483647;
			files = (
			);
			runOnlyForDeploymentPostprocessing = 0;
		};
		4059E1A91F28AF34007C3CF9 /* Frameworks */ = {
			isa = PBXFrameworksBuildPhase;
			buildActionMask = 2147483647;
			files = (
			);
			runOnlyForDeploymentPostprocessing = 0;
		};
/* End PBXFrameworksBuildPhase section */

/* Begin PBXGroup section */
		4059E1841F28AF34007C3CF9 = {
			isa = PBXGroup;
			children = (
				4059E18F1F28AF34007C3CF9 /* KataLogInLogOut */,
				4059E1A41F28AF34007C3CF9 /* KataLogInLogOutTests */,
				4059E1AF1F28AF34007C3CF9 /* KataLogInLogOutUITests */,
				4059E18E1F28AF34007C3CF9 /* Products */,
			);
			sourceTree = "<group>";
		};
		4059E18E1F28AF34007C3CF9 /* Products */ = {
			isa = PBXGroup;
			children = (
				4059E18D1F28AF34007C3CF9 /* KataLogInLogOut.app */,
				4059E1A11F28AF34007C3CF9 /* KataLogInLogOutTests.xctest */,
				4059E1AC1F28AF34007C3CF9 /* KataLogInLogOutUITests.xctest */,
			);
			name = Products;
			sourceTree = "<group>";
		};
		4059E18F1F28AF34007C3CF9 /* KataLogInLogOut */ = {
			isa = PBXGroup;
			children = (
				4059E1901F28AF34007C3CF9 /* AppDelegate.swift */,
				4059E1921F28AF34007C3CF9 /* ViewController.swift */,
				4059E1941F28AF34007C3CF9 /* Main.storyboard */,
				4059E1971F28AF34007C3CF9 /* Assets.xcassets */,
				4059E1991F28AF34007C3CF9 /* LaunchScreen.storyboard */,
				4059E19C1F28AF34007C3CF9 /* Info.plist */,
			);
			path = KataLogInLogOut;
			sourceTree = "<group>";
		};
		4059E1A41F28AF34007C3CF9 /* KataLogInLogOutTests */ = {
			isa = PBXGroup;
			children = (
				4059E1A51F28AF34007C3CF9 /* KataLogInLogOutTests.swift */,
				4059E1A71F28AF34007C3CF9 /* Info.plist */,
			);
			path = KataLogInLogOutTests;
			sourceTree = "<group>";
		};
		4059E1AF1F28AF34007C3CF9 /* KataLogInLogOutUITests */ = {
			isa = PBXGroup;
			children = (
				4059E1B01F28AF34007C3CF9 /* KataLogInLogOutUITests.swift */,
				4059E1B21F28AF34007C3CF9 /* Info.plist */,
			);
			path = KataLogInLogOutUITests;
			sourceTree = "<group>";
		};
/* End PBXGroup section */

/* Begin PBXNativeTarget section */
		4059E18C1F28AF34007C3CF9 /* KataLogInLogOut */ = {
			isa = PBXNativeTarget;
			buildConfigurationList = 4059E1B51F28AF34007C3CF9 /* Build configuration list for PBXNativeTarget "KataLogInLogOut" */;
			buildPhases = (
				4059E1891F28AF34007C3CF9 /* Sources */,
				4059E18A1F28AF34007C3CF9 /* Frameworks */,
				4059E18B1F28AF34007C3CF9 /* Resources */,
			);
			buildRules = (
			);
			dependencies = (
			);
			name = KataLogInLogOut;
			productName = KataLogInLogOut;
			productReference = 4059E18D1F28AF34007C3CF9 /* KataLogInLogOut.app */;
			productType = "com.apple.product-type.application";
		};
		4059E1A01F28AF34007C3CF9 /* KataLogInLogOutTests */ = {
			isa = PBXNativeTarget;
			buildConfigurationList = 4059E1B81F28AF34007C3CF9 /* Build configuration list for PBXNativeTarget "KataLogInLogOutTests" */;
			buildPhases = (
				4059E19D1F28AF34007C3CF9 /* Sources */,
				4059E19E1F28AF34007C3CF9 /* Frameworks */,
				4059E19F1F28AF34007C3CF9 /* Resources */,
			);
			buildRules = (
			);
			dependencies = (
				4059E1A31F28AF34007C3CF9 /* PBXTargetDependency */,
			);
			name = KataLogInLogOutTests;
			productName = KataLogInLogOutTests;
			productReference = 4059E1A11F28AF34007C3CF9 /* KataLogInLogOutTests.xctest */;
			productType = "com.apple.product-type.bundle.unit-test";
		};
		4059E1AB1F28AF34007C3CF9 /* KataLogInLogOutUITests */ = {
			isa = PBXNativeTarget;
			buildConfigurationList = 4059E1BB1F28AF34007C3CF9 /* Build configuration list for PBXNativeTarget "KataLogInLogOutUITests" */;
			buildPhases = (
				4059E1A81F28AF34007C3CF9 /* Sources */,
				4059E1A91F28AF34007C3CF9 /* Frameworks */,
				4059E1AA1F28AF34007C3CF9 /* Resources */,
			);
			buildRules = (
			);
			dependencies = (
				4059E1AE1F28AF34007C3CF9 /* PBXTargetDependency */,
			);
			name = KataLogInLogOutUITests;
			productName = KataLogInLogOutUITests;
			productReference = 4059E1AC1F28AF34007C3CF9 /* KataLogInLogOutUITests.xctest */;
			productType = "com.apple.product-type.bundle.ui-testing";
		};
/* End PBXNativeTarget section */

/* Begin PBXProject section */
		4059E1851F28AF34007C3CF9 /* Project object */ = {
			isa = PBXProject;
			attributes = {
				LastSwiftUpdateCheck = 0830;
				LastUpgradeCheck = 0830;
				ORGANIZATIONNAME = "Noelia Alvarez";
				TargetAttributes = {
					4059E18C1F28AF34007C3CF9 = {
						CreatedOnToolsVersion = 8.3.3;
						ProvisioningStyle = Automatic;
					};
					4059E1A01F28AF34007C3CF9 = {
						CreatedOnToolsVersion = 8.3.3;
						ProvisioningStyle = Automatic;
						TestTargetID = 4059E18C1F28AF34007C3CF9;
					};
					4059E1AB1F28AF34007C3CF9 = {
						CreatedOnToolsVersion = 8.3.3;
						ProvisioningStyle = Automatic;
						TestTargetID = 4059E18C1F28AF34007C3CF9;
					};
				};
			};
			buildConfigurationList = 4059E1881F28AF34007C3CF9 /* Build configuration list for PBXProject "KataLogInLogOut" */;
			compatibilityVersion = "Xcode 3.2";
			developmentRegion = English;
			hasScannedForEncodings = 0;
			knownRegions = (
				en,
				Base,
			);
			mainGroup = 4059E1841F28AF34007C3CF9;
			productRefGroup = 4059E18E1F28AF34007C3CF9 /* Products */;
			projectDirPath = "";
			projectRoot = "";
			targets = (
				4059E18C1F28AF34007C3CF9 /* KataLogInLogOut */,
				4059E1A01F28AF34007C3CF9 /* KataLogInLogOutTests */,
				4059E1AB1F28AF34007C3CF9 /* KataLogInLogOutUITests */,
			);
		};
/* End PBXProject section */

/* Begin PBXResourcesBuildPhase section */
		4059E18B1F28AF34007C3CF9 /* Resources */ = {
			isa = PBXResourcesBuildPhase;
			buildActionMask = 2147483647;
			files = (
				4059E19B1F28AF34007C3CF9 /* LaunchScreen.storyboard in Resources */,
				4059E1981F28AF34007C3CF9 /* Assets.xcassets in Resources */,
				4059E1961F28AF34007C3CF9 /* Main.storyboard in Resources */,
			);
			runOnlyForDeploymentPostprocessing = 0;
		};
		4059E19F1F28AF34007C3CF9 /* Resources */ = {
			isa = PBXResourcesBuildPhase;
			buildActionMask = 2147483647;
			files = (
			);
			runOnlyForDeploymentPostprocessing = 0;
		};
		4059E1AA1F28AF34007C3CF9 /* Resources */ = {
			isa = PBXResourcesBuildPhase;
			buildActionMask = 2147483647;
			files = (
			);
			runOnlyForDeploymentPostprocessing = 0;
		};
/* End PBXResourcesBuildPhase section */

/* Begin PBXSourcesBuildPhase section */
		4059E1891F28AF34007C3CF9 /* Sources */ = {
			isa = PBXSourcesBuildPhase;
			buildActionMask = 2147483647;
			files = (
				4059E1931F28AF34007C3CF9 /* ViewController.swift in Sources */,
				4059E1911F28AF34007C3CF9 /* AppDelegate.swift in Sources */,
			);
			runOnlyForDeploymentPostprocessing = 0;
		};
		4059E19D1F28AF34007C3CF9 /* Sources */ = {
			isa = PBXSourcesBuildPhase;
			buildActionMask = 2147483647;
			files = (
				4059E1A61F28AF34007C3CF9 /* KataLogInLogOutTests.swift in Sources */,
			);
			runOnlyForDeploymentPostprocessing = 0;
		};
		4059E1A81F28AF34007C3CF9 /* Sources */ = {
			isa = PBXSourcesBuildPhase;
			buildActionMask = 2147483647;
			files = (
				4059E1B11F28AF34007C3CF9 /* KataLogInLogOutUITests.swift in Sources */,
			);
			runOnlyForDeploymentPostprocessing = 0;
		};
/* End PBXSourcesBuildPhase section */

/* Begin PBXTargetDependency section */
		4059E1A31F28AF34007C3CF9 /* PBXTargetDependency */ = {
			isa = PBXTargetDependency;
			target = 4059E18C1F28AF34007C3CF9 /* KataLogInLogOut */;
			targetProxy = 4059E1A21F28AF34007C3CF9 /* PBXContainerItemProxy */;
		};
		4059E1AE1F28AF34007C3CF9 /* PBXTargetDependency */ = {
			isa = PBXTargetDependency;
			target = 4059E18C1F28AF34007C3CF9 /* KataLogInLogOut */;
			targetProxy = 4059E1AD1F28AF34007C3CF9 /* PBXContainerItemProxy */;
		};
/* End PBXTargetDependency section */

/* Begin PBXVariantGroup section */
		4059E1941F28AF34007C3CF9 /* Main.storyboard */ = {
			isa = PBXVariantGroup;
			children = (
				4059E1951F28AF34007C3CF9 /* Base */,
			);
			name = Main.storyboard;
			sourceTree = "<group>";
		};
		4059E1991F28AF34007C3CF9 /* LaunchScreen.storyboard */ = {
			isa = PBXVariantGroup;
			children = (
				4059E19A1F28AF34007C3CF9 /* Base */,
			);
			name = LaunchScreen.storyboard;
			sourceTree = "<group>";
		};
/* End PBXVariantGroup section */

/* Begin XCBuildConfiguration section */
		4059E1B31F28AF34007C3CF9 /* Debug */ = {
			isa = XCBuildConfiguration;
			buildSettings = {
				ALWAYS_SEARCH_USER_PATHS = NO;
				CLANG_ANALYZER_NONNULL = YES;
				CLANG_ANALYZER_NUMBER_OBJECT_CONVERSION = YES_AGGRESSIVE;
				CLANG_CXX_LANGUAGE_STANDARD = "gnu++0x";
				CLANG_CXX_LIBRARY = "libc++";
				CLANG_ENABLE_MODULES = YES;
				CLANG_ENABLE_OBJC_ARC = YES;
				CLANG_WARN_BOOL_CONVERSION = YES;
				CLANG_WARN_CONSTANT_CONVERSION = YES;
				CLANG_WARN_DIRECT_OBJC_ISA_USAGE = YES_ERROR;
				CLANG_WARN_DOCUMENTATION_COMMENTS = YES;
				CLANG_WARN_EMPTY_BODY = YES;
				CLANG_WARN_ENUM_CONVERSION = YES;
				CLANG_WARN_INFINITE_RECURSION = YES;
				CLANG_WARN_INT_CONVERSION = YES;
				CLANG_WARN_OBJC_ROOT_CLASS = YES_ERROR;
				CLANG_WARN_SUSPICIOUS_MOVE = YES;
				CLANG_WARN_UNREACHABLE_CODE = YES;
				CLANG_WARN__DUPLICATE_METHOD_MATCH = YES;
				"CODE_SIGN_IDENTITY[sdk=iphoneos*]" = "iPhone Developer";
				COPY_PHASE_STRIP = NO;
				DEBUG_INFORMATION_FORMAT = dwarf;
				ENABLE_STRICT_OBJC_MSGSEND = YES;
				ENABLE_TESTABILITY = YES;
				GCC_C_LANGUAGE_STANDARD = gnu99;
				GCC_DYNAMIC_NO_PIC = NO;
				GCC_NO_COMMON_BLOCKS = YES;
				GCC_OPTIMIZATION_LEVEL = 0;
				GCC_PREPROCESSOR_DEFINITIONS = (
					"DEBUG=1",
					"$(inherited)",
				);
				GCC_WARN_64_TO_32_BIT_CONVERSION = YES;
				GCC_WARN_ABOUT_RETURN_TYPE = YES_ERROR;
				GCC_WARN_UNDECLARED_SELECTOR = YES;
				GCC_WARN_UNINITIALIZED_AUTOS = YES_AGGRESSIVE;
				GCC_WARN_UNUSED_FUNCTION = YES;
				GCC_WARN_UNUSED_VARIABLE = YES;
				IPHONEOS_DEPLOYMENT_TARGET = 10.3;
				MTL_ENABLE_DEBUG_INFO = YES;
				ONLY_ACTIVE_ARCH = YES;
				SDKROOT = iphoneos;
				SWIFT_ACTIVE_COMPILATION_CONDITIONS = DEBUG;
				SWIFT_OPTIMIZATION_LEVEL = "-Onone";
				TARGETED_DEVICE_FAMILY = "1,2";
			};
			name = Debug;
		};
		4059E1B41F28AF34007C3CF9 /* Release */ = {
			isa = XCBuildConfiguration;
			buildSettings = {
				ALWAYS_SEARCH_USER_PATHS = NO;
				CLANG_ANALYZER_NONNULL = YES;
				CLANG_ANALYZER_NUMBER_OBJECT_CONVERSION = YES_AGGRESSIVE;
				CLANG_CXX_LANGUAGE_STANDARD = "gnu++0x";
				CLANG_CXX_LIBRARY = "libc++";
				CLANG_ENABLE_MODULES = YES;
				CLANG_ENABLE_OBJC_ARC = YES;
				CLANG_WARN_BOOL_CONVERSION = YES;
				CLANG_WARN_CONSTANT_CONVERSION = YES;
				CLANG_WARN_DIRECT_OBJC_ISA_USAGE = YES_ERROR;
				CLANG_WARN_DOCUMENTATION_COMMENTS = YES;
				CLANG_WARN_EMPTY_BODY = YES;
				CLANG_WARN_ENUM_CONVERSION = YES;
				CLANG_WARN_INFINITE_RECURSION = YES;
				CLANG_WARN_INT_CONVERSION = YES;
				CLANG_WARN_OBJC_ROOT_CLASS = YES_ERROR;
				CLANG_WARN_SUSPICIOUS_MOVE = YES;
				CLANG_WARN_UNREACHABLE_CODE = YES;
				CLANG_WARN__DUPLICATE_METHOD_MATCH = YES;
				"CODE_SIGN_IDENTITY[sdk=iphoneos*]" = "iPhone Developer";
				COPY_PHASE_STRIP = NO;
				DEBUG_INFORMATION_FORMAT = "dwarf-with-dsym";
				ENABLE_NS_ASSERTIONS = NO;
				ENABLE_STRICT_OBJC_MSGSEND = YES;
				GCC_C_LANGUAGE_STANDARD = gnu99;
				GCC_NO_COMMON_BLOCKS = YES;
				GCC_WARN_64_TO_32_BIT_CONVERSION = YES;
				GCC_WARN_ABOUT_RETURN_TYPE = YES_ERROR;
				GCC_WARN_UNDECLARED_SELECTOR = YES;
				GCC_WARN_UNINITIALIZED_AUTOS = YES_AGGRESSIVE;
				GCC_WARN_UNUSED_FUNCTION = YES;
				GCC_WARN_UNUSED_VARIABLE = YES;
				IPHONEOS_DEPLOYMENT_TARGET = 10.3;
				MTL_ENABLE_DEBUG_INFO = NO;
				SDKROOT = iphoneos;
				SWIFT_OPTIMIZATION_LEVEL = "-Owholemodule";
				TARGETED_DEVICE_FAMILY = "1,2";
				VALIDATE_PRODUCT = YES;
			};
			name = Release;
		};
		4059E1B61F28AF34007C3CF9 /* Debug */ = {
			isa = XCBuildConfiguration;
			buildSettings = {
				ASSETCATALOG_COMPILER_APPICON_NAME = AppIcon;
				DEVELOPMENT_TEAM = "";
				INFOPLIST_FILE = KataLogInLogOut/Info.plist;
				LD_RUNPATH_SEARCH_PATHS = "$(inherited) @executable_path/Frameworks";
				PRODUCT_BUNDLE_IDENTIFIER = nalvarez.KataLogInLogOut;
				PRODUCT_NAME = "$(TARGET_NAME)";
				SWIFT_VERSION = 3.0;
			};
			name = Debug;
		};
		4059E1B71F28AF34007C3CF9 /* Release */ = {
			isa = XCBuildConfiguration;
			buildSettings = {
				ASSETCATALOG_COMPILER_APPICON_NAME = AppIcon;
				DEVELOPMENT_TEAM = "";
				INFOPLIST_FILE = KataLogInLogOut/Info.plist;
				LD_RUNPATH_SEARCH_PATHS = "$(inherited) @executable_path/Frameworks";
				PRODUCT_BUNDLE_IDENTIFIER = nalvarez.KataLogInLogOut;
				PRODUCT_NAME = "$(TARGET_NAME)";
				SWIFT_VERSION = 3.0;
			};
			name = Release;
		};
		4059E1B91F28AF34007C3CF9 /* Debug */ = {
			isa = XCBuildConfiguration;
			buildSettings = {
				ALWAYS_EMBED_SWIFT_STANDARD_LIBRARIES = YES;
				BUNDLE_LOADER = "$(TEST_HOST)";
				INFOPLIST_FILE = KataLogInLogOutTests/Info.plist;
				LD_RUNPATH_SEARCH_PATHS = "$(inherited) @executable_path/Frameworks @loader_path/Frameworks";
				PRODUCT_BUNDLE_IDENTIFIER = nalvarez.KataLogInLogOutTests;
				PRODUCT_NAME = "$(TARGET_NAME)";
				SWIFT_VERSION = 3.0;
				TEST_HOST = "$(BUILT_PRODUCTS_DIR)/KataLogInLogOut.app/KataLogInLogOut";
			};
			name = Debug;
		};
		4059E1BA1F28AF34007C3CF9 /* Release */ = {
			isa = XCBuildConfiguration;
			buildSettings = {
				ALWAYS_EMBED_SWIFT_STANDARD_LIBRARIES = YES;
				BUNDLE_LOADER = "$(TEST_HOST)";
				INFOPLIST_FILE = KataLogInLogOutTests/Info.plist;
				LD_RUNPATH_SEARCH_PATHS = "$(inherited) @executable_path/Frameworks @loader_path/Frameworks";
				PRODUCT_BUNDLE_IDENTIFIER = nalvarez.KataLogInLogOutTests;
				PRODUCT_NAME = "$(TARGET_NAME)";
				SWIFT_VERSION = 3.0;
				TEST_HOST = "$(BUILT_PRODUCTS_DIR)/KataLogInLogOut.app/KataLogInLogOut";
			};
			name = Release;
		};
		4059E1BC1F28AF34007C3CF9 /* Debug */ = {
			isa = XCBuildConfiguration;
			buildSettings = {
				ALWAYS_EMBED_SWIFT_STANDARD_LIBRARIES = YES;
				INFOPLIST_FILE = KataLogInLogOutUITests/Info.plist;
				LD_RUNPATH_SEARCH_PATHS = "$(inherited) @executable_path/Frameworks @loader_path/Frameworks";
				PRODUCT_BUNDLE_IDENTIFIER = nalvarez.KataLogInLogOutUITests;
				PRODUCT_NAME = "$(TARGET_NAME)";
				SWIFT_VERSION = 3.0;
				TEST_TARGET_NAME = KataLogInLogOut;
			};
			name = Debug;
		};
		4059E1BD1F28AF34007C3CF9 /* Release */ = {
			isa = XCBuildConfiguration;
			buildSettings = {
				ALWAYS_EMBED_SWIFT_STANDARD_LIBRARIES = YES;
				INFOPLIST_FILE = KataLogInLogOutUITests/Info.plist;
				LD_RUNPATH_SEARCH_PATHS = "$(inherited) @executable_path/Frameworks @loader_path/Frameworks";
				PRODUCT_BUNDLE_IDENTIFIER = nalvarez.KataLogInLogOutUITests;
				PRODUCT_NAME = "$(TARGET_NAME)";
				SWIFT_VERSION = 3.0;
				TEST_TARGET_NAME = KataLogInLogOut;
			};
			name = Release;
		};
/* End XCBuildConfiguration section */

/* Begin XCConfigurationList section */
		4059E1881F28AF34007C3CF9 /* Build configuration list for PBXProject "KataLogInLogOut" */ = {
			isa = XCConfigurationList;
			buildConfigurations = (
				4059E1B31F28AF34007C3CF9 /* Debug */,
				4059E1B41F28AF34007C3CF9 /* Release */,
			);
			defaultConfigurationIsVisible = 0;
			defaultConfigurationName = Release;
		};
		4059E1B51F28AF34007C3CF9 /* Build configuration list for PBXNativeTarget "KataLogInLogOut" */ = {
			isa = XCConfigurationList;
			buildConfigurations = (
				4059E1B61F28AF34007C3CF9 /* Debug */,
				4059E1B71F28AF34007C3CF9 /* Release */,
			);
			defaultConfigurationIsVisible = 0;
			defaultConfigurationName = Release;
		};
		4059E1B81F28AF34007C3CF9 /* Build configuration list for PBXNativeTarget "KataLogInLogOutTests" */ = {
			isa = XCConfigurationList;
			buildConfigurations = (
				4059E1B91F28AF34007C3CF9 /* Debug */,
				4059E1BA1F28AF34007C3CF9 /* Release */,
			);
			defaultConfigurationIsVisible = 0;
			defaultConfigurationName = Release;
		};
		4059E1BB1F28AF34007C3CF9 /* Build configuration list for PBXNativeTarget "KataLogInLogOutUITests" */ = {
			isa = XCConfigurationList;
			buildConfigurations = (
				4059E1BC1F28AF34007C3CF9 /* Debug */,
				4059E1BD1F28AF34007C3CF9 /* Release */,
			);
			defaultConfigurationIsVisible = 0;
			defaultConfigurationName = Release;
		};
/* End XCConfigurationList section */
	};
	rootObject = 4059E1851F28AF34007C3CF9 /* Project object */;
}
